# This file was autogenerated by Stack.
# You should not edit this file by hand.
# For more information, please see the documentation at:
#   https://docs.haskellstack.org/en/stable/lock_files

packages:
- completed:
    hackage: xorshift-2.0.1@sha256:90fb03d2388068a61ef2f22db0a5d10d43b7befa60d552e4884e4b81c4abcb52,1315
    pantry-tree:
      size: 356
      sha256: 17a0998477096bdb39b94b77e2ded3cb99323b5e5137fda72cf1723011b40887
  original:
    hackage: xorshift-2.0.1
snapshots:
- completed:
    size: 498186
    url: https://raw.githubusercontent.com/commercialhaskell/stackage-snapshots/master/lts/13/22.yaml
    sha256: d4f07dc3d5658260c2fe34266ad7618f6c84d34decf559c9c786ac1cfccf4e7b
  original: lts-13.22
